
Microsoft Visual Studio Solution File, Format Version 12.00
# Visual Studio Version 17
VisualStudioVersion = 17.0.31903.59
MinimumVisualStudioVersion = 10.0.40219.1
Project("{FAE04EC0-301F-11D3-BF4B-00C04F79EFBC}") = "OldPhonePad", "OldPhonePad\OldPhonePad.csproj", "{B4F1C183-D80F-4763-A3FD-C849A9B92EE2}"
EndProject
Project("{FAE04EC0-301F-11D3-BF4B-00C04F79EFBC}") = "OldPhonePad.Tests", "OldPhonePad.Tests\OldPhonePad.Tests.csproj", "{27CE8A9B-949A-4C2B-A757-BA71623876E2}"
EndProject
Global
	GlobalSection(SolutionConfigurationPlatforms) = preSolution
		Debug|Any CPU = Debug|Any CPU
		Release|Any CPU = Release|Any CPU
	EndGlobalSection
	GlobalSection(SolutionProperties) = preSolution
		HideSolutionNode = FALSE
	EndGlobalSection
	GlobalSection(ProjectConfigurationPlatforms) = postSolution
		{B4F1C183-D80F-4763-A3FD-C849A9B92EE2}.Debug|Any CPU.ActiveCfg = Debug|Any CPU
		{B4F1C183-D80F-4763-A3FD-C849A9B92EE2}.Debug|Any CPU.Build.0 = Debug|Any CPU
		{B4F1C183-D80F-4763-A3FD-C849A9B92EE2}.Release|Any CPU.ActiveCfg = Release|Any CPU
		{B4F1C183-D80F-4763-A3FD-C849A9B92EE2}.Release|Any CPU.Build.0 = Release|Any CPU
		{27CE8A9B-949A-4C2B-A757-BA71623876E2}.Debug|Any CPU.ActiveCfg = Debug|Any CPU
		{27CE8A9B-949A-4C2B-A757-BA71623876E2}.Debug|Any CPU.Build.0 = Debug|Any CPU
		{27CE8A9B-949A-4C2B-A757-BA71623876E2}.Release|Any CPU.ActiveCfg = Release|Any CPU
		{27CE8A9B-949A-4C2B-A757-BA71623876E2}.Release|Any CPU.Build.0 = Release|Any CPU
	EndGlobalSection
EndGlobal
